
Microsoft Visual Studio Solution File, Format Version 12.00
# Visual Studio 15
VisualStudioVersion = 15.0.26124.0
MinimumVisualStudioVersion = 15.0.26124.0
Project("{FAE04EC0-301F-11D3-BF4B-00C04F79EFBC}") = "Streaming.Encoding", "Streaming.Encoding\Streaming.Encoding.csproj", "{8C075383-0A9E-4E30-BC27-C559CF8A3696}"
EndProject
Project("{FAE04EC0-301F-11D3-BF4B-00C04F79EFBC}") = "Streaming.Endpoint", "Streaming.Endpoint\Streaming.Endpoint.csproj", "{502DF0B2-D7DC-4898-9C10-FAFE67229B19}"
EndProject
Project("{FAE04EC0-301F-11D3-BF4B-00C04F79EFBC}") = "Streaming.Receptor", "Streaming.Receptor\Streaming.Receptor.csproj", "{8AE388A6-9518-4392-B996-446B0306444D}"
EndProject
Project("{FAE04EC0-301F-11D3-BF4B-00C04F79EFBC}") = "Streaming.Preview", "Streaming.Preview\Streaming.Preview.csproj", "{EFCDE27F-CE41-4671-8CFE-62E4FC939363}"
EndProject
Global
	GlobalSection(SolutionConfigurationPlatforms) = preSolution
		Debug|Any CPU = Debug|Any CPU
		Debug|x64 = Debug|x64
		Debug|x86 = Debug|x86
		Release|Any CPU = Release|Any CPU
		Release|x64 = Release|x64
		Release|x86 = Release|x86
	EndGlobalSection
	GlobalSection(SolutionProperties) = preSolution
		HideSolutionNode = FALSE
	EndGlobalSection
	GlobalSection(ProjectConfigurationPlatforms) = postSolution
		{8C075383-0A9E-4E30-BC27-C559CF8A3696}.Debug|Any CPU.ActiveCfg = Debug|Any CPU
		{8C075383-0A9E-4E30-BC27-C559CF8A3696}.Debug|Any CPU.Build.0 = Debug|Any CPU
		{8C075383-0A9E-4E30-BC27-C559CF8A3696}.Debug|x64.ActiveCfg = Debug|Any CPU
		{8C075383-0A9E-4E30-BC27-C559CF8A3696}.Debug|x64.Build.0 = Debug|Any CPU
		{8C075383-0A9E-4E30-BC27-C559CF8A3696}.Debug|x86.ActiveCfg = Debug|Any CPU
		{8C075383-0A9E-4E30-BC27-C559CF8A3696}.Debug|x86.Build.0 = Debug|Any CPU
		{8C075383-0A9E-4E30-BC27-C559CF8A3696}.Release|Any CPU.ActiveCfg = Release|Any CPU
		{8C075383-0A9E-4E30-BC27-C559CF8A3696}.Release|Any CPU.Build.0 = Release|Any CPU
		{8C075383-0A9E-4E30-BC27-C559CF8A3696}.Release|x64.ActiveCfg = Release|Any CPU
		{8C075383-0A9E-4E30-BC27-C559CF8A3696}.Release|x64.Build.0 = Release|Any CPU
		{8C075383-0A9E-4E30-BC27-C559CF8A3696}.Release|x86.ActiveCfg = Release|Any CPU
		{8C075383-0A9E-4E30-BC27-C559CF8A3696}.Release|x86.Build.0 = Release|Any CPU
		{502DF0B2-D7DC-4898-9C10-FAFE67229B19}.Debug|Any CPU.ActiveCfg = Debug|Any CPU
		{502DF0B2-D7DC-4898-9C10-FAFE67229B19}.Debug|Any CPU.Build.0 = Debug|Any CPU
		{502DF0B2-D7DC-4898-9C10-FAFE67229B19}.Debug|x64.ActiveCfg = Debug|Any CPU
		{502DF0B2-D7DC-4898-9C10-FAFE67229B19}.Debug|x64.Build.0 = Debug|Any CPU
		{502DF0B2-D7DC-4898-9C10-FAFE67229B19}.Debug|x86.ActiveCfg = Debug|Any CPU
		{502DF0B2-D7DC-4898-9C10-FAFE67229B19}.Debug|x86.Build.0 = Debug|Any CPU
		{502DF0B2-D7DC-4898-9C10-FAFE67229B19}.Release|Any CPU.ActiveCfg = Release|Any CPU
		{502DF0B2-D7DC-4898-9C10-FAFE67229B19}.Release|Any CPU.Build.0 = Release|Any CPU
		{502DF0B2-D7DC-4898-9C10-FAFE67229B19}.Release|x64.ActiveCfg = Release|Any CPU
		{502DF0B2-D7DC-4898-9C10-FAFE67229B19}.Release|x64.Build.0 = Release|Any CPU
		{502DF0B2-D7DC-4898-9C10-FAFE67229B19}.Release|x86.ActiveCfg = Release|Any CPU
		{502DF0B2-D7DC-4898-9C10-FAFE67229B19}.Release|x86.Build.0 = Release|Any CPU
		{8AE388A6-9518-4392-B996-446B0306444D}.Debug|Any CPU.ActiveCfg = Debug|Any CPU
		{8AE388A6-9518-4392-B996-446B0306444D}.Debug|Any CPU.Build.0 = Debug|Any CPU
		{8AE388A6-9518-4392-B996-446B0306444D}.Debug|x64.ActiveCfg = Debug|Any CPU
		{8AE388A6-9518-4392-B996-446B0306444D}.Debug|x64.Build.0 = Debug|Any CPU
		{8AE388A6-9518-4392-B996-446B0306444D}.Debug|x86.ActiveCfg = Debug|Any CPU
		{8AE388A6-9518-4392-B996-446B0306444D}.Debug|x86.Build.0 = Debug|Any CPU
		{8AE388A6-9518-4392-B996-446B0306444D}.Release|Any CPU.ActiveCfg = Release|Any CPU
		{8AE388A6-9518-4392-B996-446B0306444D}.Release|Any CPU.Build.0 = Release|Any CPU
		{8AE388A6-9518-4392-B996-446B0306444D}.Release|x64.ActiveCfg = Release|Any CPU
		{8AE388A6-9518-4392-B996-446B0306444D}.Release|x64.Build.0 = Release|Any CPU
		{8AE388A6-9518-4392-B996-446B0306444D}.Release|x86.ActiveCfg = Release|Any CPU
		{8AE388A6-9518-4392-B996-446B0306444D}.Release|x86.Build.0 = Release|Any CPU
		{EFCDE27F-CE41-4671-8CFE-62E4FC939363}.Debug|Any CPU.ActiveCfg = Debug|Any CPU
		{EFCDE27F-CE41-4671-8CFE-62E4FC939363}.Debug|Any CPU.Build.0 = Debug|Any CPU
		{EFCDE27F-CE41-4671-8CFE-62E4FC939363}.Debug|x64.ActiveCfg = Debug|Any CPU
		{EFCDE27F-CE41-4671-8CFE-62E4FC939363}.Debug|x64.Build.0 = Debug|Any CPU
		{EFCDE27F-CE41-4671-8CFE-62E4FC939363}.Debug|x86.ActiveCfg = Debug|Any CPU
		{EFCDE27F-CE41-4671-8CFE-62E4FC939363}.Debug|x86.Build.0 = Debug|Any CPU
		{EFCDE27F-CE41-4671-8CFE-62E4FC939363}.Release|Any CPU.ActiveCfg = Release|Any CPU
		{EFCDE27F-CE41-4671-8CFE-62E4FC939363}.Release|Any CPU.Build.0 = Release|Any CPU
		{EFCDE27F-CE41-4671-8CFE-62E4FC939363}.Release|x64.ActiveCfg = Release|Any CPU
		{EFCDE27F-CE41-4671-8CFE-62E4FC939363}.Release|x64.Build.0 = Release|Any CPU
		{EFCDE27F-CE41-4671-8CFE-62E4FC939363}.Release|x86.ActiveCfg = Release|Any CPU
		{EFCDE27F-CE41-4671-8CFE-62E4FC939363}.Release|x86.Build.0 = Release|Any CPU
	EndGlobalSection
EndGlobal
