
Microsoft Visual Studio Solution File, Format Version 12.00
# Visual Studio Version 16
VisualStudioVersion = 16.0.29926.136
MinimumVisualStudioVersion = 15.0.26124.0
Project("{9A19103F-16F7-4668-BE54-9A1E7A4F7556}") = "Streaming.WebApp", "Streaming.WebApp\Streaming.WebApp.csproj", "{A0D00186-F760-40CE-BEEF-AB16A70CBCE2}"
EndProject
Project("{9092AA53-FB77-4645-B42D-1CCCA6BD08BD}") = "Streaming.WebPage", "Streaming.WebPage\Streaming.WebPage.njsproj", "{7FD38765-E18B-4D0F-94AB-86169D3BE3B3}"
EndProject
Project("{9092AA53-FB77-4645-B42D-1CCCA6BD08BD}") = "Streaming.MobileApp", "Streaming.MobileApp\Streaming.MobileApp.njsproj", "{2B7CFBE8-5628-46CC-9C6F-58D31DD899E2}"
EndProject
Global
	GlobalSection(SolutionConfigurationPlatforms) = preSolution
		Debug|Any CPU = Debug|Any CPU
		Release|Any CPU = Release|Any CPU
	EndGlobalSection
	GlobalSection(ProjectConfigurationPlatforms) = postSolution
		{A0D00186-F760-40CE-BEEF-AB16A70CBCE2}.Debug|Any CPU.ActiveCfg = Debug|Any CPU
		{A0D00186-F760-40CE-BEEF-AB16A70CBCE2}.Debug|Any CPU.Build.0 = Debug|Any CPU
		{A0D00186-F760-40CE-BEEF-AB16A70CBCE2}.Release|Any CPU.ActiveCfg = Release|Any CPU
		{A0D00186-F760-40CE-BEEF-AB16A70CBCE2}.Release|Any CPU.Build.0 = Release|Any CPU
		{7FD38765-E18B-4D0F-94AB-86169D3BE3B3}.Debug|Any CPU.ActiveCfg = Debug|Any CPU
		{7FD38765-E18B-4D0F-94AB-86169D3BE3B3}.Debug|Any CPU.Build.0 = Debug|Any CPU
		{7FD38765-E18B-4D0F-94AB-86169D3BE3B3}.Release|Any CPU.ActiveCfg = Release|Any CPU
		{7FD38765-E18B-4D0F-94AB-86169D3BE3B3}.Release|Any CPU.Build.0 = Release|Any CPU
		{2B7CFBE8-5628-46CC-9C6F-58D31DD899E2}.Debug|Any CPU.ActiveCfg = Debug|Any CPU
		{2B7CFBE8-5628-46CC-9C6F-58D31DD899E2}.Debug|Any CPU.Build.0 = Debug|Any CPU
		{2B7CFBE8-5628-46CC-9C6F-58D31DD899E2}.Release|Any CPU.ActiveCfg = Release|Any CPU
		{2B7CFBE8-5628-46CC-9C6F-58D31DD899E2}.Release|Any CPU.Build.0 = Release|Any CPU
	EndGlobalSection
	GlobalSection(SolutionProperties) = preSolution
		HideSolutionNode = FALSE
	EndGlobalSection
	GlobalSection(ExtensibilityGlobals) = postSolution
		SolutionGuid = {FBA2374F-B7D5-4105-AD4F-04E69DF1F2C4}
	EndGlobalSection
EndGlobal
